
Microsoft Visual Studio Solution File, Format Version 12.00
# Visual Studio Express 14 for Windows Desktop
VisualStudioVersion = 14.0.25420.1
MinimumVisualStudioVersion = 10.0.40219.1
Project("{FAE04EC0-301F-11D3-BF4B-00C04F79EFBC}") = "AutoMask", "AutoMask\AutoMask.csproj", "{AE004B2E-868C-44E6-BBFE-04E6B323FB96}"
EndProject
Project("{2150E333-8FDC-42A3-9474-1A3956D46DE8}") = "Misc", "Misc", "{C01A14BA-0112-4EE1-BD98-9E66F5BC71D1}"
	ProjectSection(SolutionItems) = preProject
		readme.md = readme.md
		SystemUI_Draft.xmind = SystemUI_Draft.xmind
	EndProjectSection
EndProject
Project("{FAE04EC0-301F-11D3-BF4B-00C04F79EFBC}") = "PhotoTool", "PhotoTool\PhotoTool.csproj", "{A9358E25-10FF-4670-AF50-9CFD2E30D1F5}"
EndProject
Project("{FAE04EC0-301F-11D3-BF4B-00C04F79EFBC}") = "NetCharm.Image.AddinHost", "AddinHost\NetCharm.Image.AddinHost.csproj", "{C2275EB5-E68A-42D5-B285-0083B1B7840C}"
EndProject
Project("{2150E333-8FDC-42A3-9474-1A3956D46DE8}") = "Addins", "Addins", "{E8830580-1F8F-4528-B3E7-1626F400627C}"
EndProject
Project("{2150E333-8FDC-42A3-9474-1A3956D46DE8}") = "01_Apps", "01_Apps", "{F6D163E0-97CC-4F74-B799-61C8013CEDBA}"
EndProject
Project("{2150E333-8FDC-42A3-9474-1A3956D46DE8}") = "02_Actions", "02_Actions", "{0DF89C04-A158-4130-9548-1DF87787C1D9}"
EndProject
Project("{2150E333-8FDC-42A3-9474-1A3956D46DE8}") = "00_Filters", "00_Filters", "{469DFEFC-D960-44F2-84CE-0D3E6784B958}"
EndProject
Project("{2150E333-8FDC-42A3-9474-1A3956D46DE8}") = "04_FormatIns", "04_FormatIns", "{EE5312EE-D571-42B1-A001-2F58DE3F0CF9}"
EndProject
Project("{2150E333-8FDC-42A3-9474-1A3956D46DE8}") = "05_FormatOuts", "05_FormatOuts", "{FE51525B-F9C8-4277-865B-EAC341FB5016}"
EndProject
Project("{FAE04EC0-301F-11D3-BF4B-00C04F79EFBC}") = "AddinTest", "Addins\01_Apps\AddinTest\AddinTest.csproj", "{B2303E90-DFA5-41BD-AC18-915995569DD1}"
EndProject
Project("{FAE04EC0-301F-11D3-BF4B-00C04F79EFBC}") = "BatchProcess", "Addins\01_Apps\BatchProcess\BatchProcess.csproj", "{DA8A27B6-2066-45F9-88C3-7D8CF283C683}"
EndProject
Project("{FAE04EC0-301F-11D3-BF4B-00C04F79EFBC}") = "InternalApp", "addins\01_Apps\InternalApp\InternalApp.csproj", "{32E1318C-9464-415B-893D-3B812F5F05F4}"
EndProject
Project("{FAE04EC0-301F-11D3-BF4B-00C04F79EFBC}") = "InternalFilters", "addins\00_Filters\InternalFilters\InternalFilters.csproj", "{3FFFD0B2-0AD6-4257-B91E-04CE69714113}"
EndProject
Project("{2150E333-8FDC-42A3-9474-1A3956D46DE8}") = "03_Effects", "03_Effects", "{BFCA8302-9BA1-46F1-9881-F75F3DFCDB7F}"
EndProject
Project("{2150E333-8FDC-42A3-9474-1A3956D46DE8}") = "Template", "Template", "{995B6089-9D13-4E61-9A91-26B0088694E8}"
	ProjectSection(SolutionItems) = preProject
		AddinForm.zip = AddinForm.zip
	EndProjectSection
EndProject
Project("{2150E333-8FDC-42A3-9474-1A3956D46DE8}") = "Licenses", "Licenses", "{D4BB2BFC-12C1-46B3-B67D-EF054256CADA}"
	ProjectSection(SolutionItems) = preProject
		License\BSD.txt = License\BSD.txt
		License\MIT.txt = License\MIT.txt
	EndProjectSection
EndProject
Project("{FAE04EC0-301F-11D3-BF4B-00C04F79EFBC}") = "ColorMatrixTest", "ColorMatrixTest\ColorMatrixTest.csproj", "{E4FA10E9-F2C6-434F-A801-C8C95F42412A}"
EndProject
Project("{2150E333-8FDC-42A3-9474-1A3956D46DE8}") = "Tools", "Tools", "{4347FAD2-5DA8-4CDD-90D2-984B47CA4B66}"
EndProject
Global
	GlobalSection(SolutionConfigurationPlatforms) = preSolution
		Debug|Any CPU = Debug|Any CPU
		Release|Any CPU = Release|Any CPU
	EndGlobalSection
	GlobalSection(ProjectConfigurationPlatforms) = postSolution
		{AE004B2E-868C-44E6-BBFE-04E6B323FB96}.Debug|Any CPU.ActiveCfg = Debug|Any CPU
		{AE004B2E-868C-44E6-BBFE-04E6B323FB96}.Release|Any CPU.ActiveCfg = Release|Any CPU
		{AE004B2E-868C-44E6-BBFE-04E6B323FB96}.Release|Any CPU.Build.0 = Release|Any CPU
		{A9358E25-10FF-4670-AF50-9CFD2E30D1F5}.Debug|Any CPU.ActiveCfg = Debug|Any CPU
		{A9358E25-10FF-4670-AF50-9CFD2E30D1F5}.Debug|Any CPU.Build.0 = Debug|Any CPU
		{A9358E25-10FF-4670-AF50-9CFD2E30D1F5}.Release|Any CPU.ActiveCfg = Release|Any CPU
		{A9358E25-10FF-4670-AF50-9CFD2E30D1F5}.Release|Any CPU.Build.0 = Release|Any CPU
		{C2275EB5-E68A-42D5-B285-0083B1B7840C}.Debug|Any CPU.ActiveCfg = Debug|Any CPU
		{C2275EB5-E68A-42D5-B285-0083B1B7840C}.Debug|Any CPU.Build.0 = Debug|Any CPU
		{C2275EB5-E68A-42D5-B285-0083B1B7840C}.Release|Any CPU.ActiveCfg = Release|Any CPU
		{C2275EB5-E68A-42D5-B285-0083B1B7840C}.Release|Any CPU.Build.0 = Release|Any CPU
		{B2303E90-DFA5-41BD-AC18-915995569DD1}.Debug|Any CPU.ActiveCfg = Debug|Any CPU
		{B2303E90-DFA5-41BD-AC18-915995569DD1}.Release|Any CPU.ActiveCfg = Release|Any CPU
		{DA8A27B6-2066-45F9-88C3-7D8CF283C683}.Debug|Any CPU.ActiveCfg = Debug|Any CPU
		{DA8A27B6-2066-45F9-88C3-7D8CF283C683}.Debug|Any CPU.Build.0 = Debug|Any CPU
		{DA8A27B6-2066-45F9-88C3-7D8CF283C683}.Release|Any CPU.ActiveCfg = Release|Any CPU
		{DA8A27B6-2066-45F9-88C3-7D8CF283C683}.Release|Any CPU.Build.0 = Release|Any CPU
		{32E1318C-9464-415B-893D-3B812F5F05F4}.Debug|Any CPU.ActiveCfg = Debug|Any CPU
		{32E1318C-9464-415B-893D-3B812F5F05F4}.Debug|Any CPU.Build.0 = Debug|Any CPU
		{32E1318C-9464-415B-893D-3B812F5F05F4}.Release|Any CPU.ActiveCfg = Release|Any CPU
		{32E1318C-9464-415B-893D-3B812F5F05F4}.Release|Any CPU.Build.0 = Release|Any CPU
		{3FFFD0B2-0AD6-4257-B91E-04CE69714113}.Debug|Any CPU.ActiveCfg = Debug|Any CPU
		{3FFFD0B2-0AD6-4257-B91E-04CE69714113}.Debug|Any CPU.Build.0 = Debug|Any CPU
		{3FFFD0B2-0AD6-4257-B91E-04CE69714113}.Release|Any CPU.ActiveCfg = Release|Any CPU
		{3FFFD0B2-0AD6-4257-B91E-04CE69714113}.Release|Any CPU.Build.0 = Release|Any CPU
		{E4FA10E9-F2C6-434F-A801-C8C95F42412A}.Debug|Any CPU.ActiveCfg = Debug|Any CPU
		{E4FA10E9-F2C6-434F-A801-C8C95F42412A}.Release|Any CPU.ActiveCfg = Release|Any CPU
		{E4FA10E9-F2C6-434F-A801-C8C95F42412A}.Release|Any CPU.Build.0 = Release|Any CPU
	EndGlobalSection
	GlobalSection(SolutionProperties) = preSolution
		HideSolutionNode = FALSE
	EndGlobalSection
	GlobalSection(NestedProjects) = preSolution
		{AE004B2E-868C-44E6-BBFE-04E6B323FB96} = {4347FAD2-5DA8-4CDD-90D2-984B47CA4B66}
		{F6D163E0-97CC-4F74-B799-61C8013CEDBA} = {E8830580-1F8F-4528-B3E7-1626F400627C}
		{0DF89C04-A158-4130-9548-1DF87787C1D9} = {E8830580-1F8F-4528-B3E7-1626F400627C}
		{469DFEFC-D960-44F2-84CE-0D3E6784B958} = {E8830580-1F8F-4528-B3E7-1626F400627C}
		{EE5312EE-D571-42B1-A001-2F58DE3F0CF9} = {E8830580-1F8F-4528-B3E7-1626F400627C}
		{FE51525B-F9C8-4277-865B-EAC341FB5016} = {E8830580-1F8F-4528-B3E7-1626F400627C}
		{B2303E90-DFA5-41BD-AC18-915995569DD1} = {F6D163E0-97CC-4F74-B799-61C8013CEDBA}
		{DA8A27B6-2066-45F9-88C3-7D8CF283C683} = {F6D163E0-97CC-4F74-B799-61C8013CEDBA}
		{32E1318C-9464-415B-893D-3B812F5F05F4} = {F6D163E0-97CC-4F74-B799-61C8013CEDBA}
		{3FFFD0B2-0AD6-4257-B91E-04CE69714113} = {469DFEFC-D960-44F2-84CE-0D3E6784B958}
		{BFCA8302-9BA1-46F1-9881-F75F3DFCDB7F} = {E8830580-1F8F-4528-B3E7-1626F400627C}
		{995B6089-9D13-4E61-9A91-26B0088694E8} = {C01A14BA-0112-4EE1-BD98-9E66F5BC71D1}
		{D4BB2BFC-12C1-46B3-B67D-EF054256CADA} = {C01A14BA-0112-4EE1-BD98-9E66F5BC71D1}
		{E4FA10E9-F2C6-434F-A801-C8C95F42412A} = {4347FAD2-5DA8-4CDD-90D2-984B47CA4B66}
	EndGlobalSection
EndGlobal
